
Microsoft Visual Studio Solution File, Format Version 12.00
# Visual Studio Version 17
VisualStudioVersion = 17.7.34221.43
MinimumVisualStudioVersion = 10.0.40219.1
Project("{FAE04EC0-301F-11D3-BF4B-00C04F79EFBC}") = "WpfBindingStaticResources", "WpfBindingStaticResources.csproj", "{3C3A2F47-0522-407D-9886-5E194859E3E7}"
EndProject
Global
	GlobalSection(SolutionConfigurationPlatforms) = preSolution
		Debug|Any CPU = Debug|Any CPU
		Release|Any CPU = Release|Any CPU
	EndGlobalSection
	GlobalSection(ProjectConfigurationPlatforms) = postSolution
		{3C3A2F47-0522-407D-9886-5E194859E3E7}.Debug|Any CPU.ActiveCfg = Debug|Any CPU
		{3C3A2F47-0522-407D-9886-5E194859E3E7}.Debug|Any CPU.Build.0 = Debug|Any CPU
		{3C3A2F47-0522-407D-9886-5E194859E3E7}.Release|Any CPU.ActiveCfg = Release|Any CPU
		{3C3A2F47-0522-407D-9886-5E194859E3E7}.Release|Any CPU.Build.0 = Release|Any CPU
	EndGlobalSection
	GlobalSection(SolutionProperties) = preSolution
		HideSolutionNode = FALSE
	EndGlobalSection
	GlobalSection(ExtensibilityGlobals) = postSolution
		SolutionGuid = {C5E1D67D-ADC4-4CA9-A53F-42A68FF11145}
	EndGlobalSection
EndGlobal
